
Microsoft Visual Studio Solution File, Format Version 12.00
# Visual Studio Version 16
VisualStudioVersion = 16.0.30011.22
MinimumVisualStudioVersion = 10.0.40219.1
Project("{2150E333-8FDC-42A3-9474-1A3956D46DE8}") = "src", "src", "{83749DAA-0438-4C04-A8EA-3AB4A4F1B37F}"
EndProject
Project("{2150E333-8FDC-42A3-9474-1A3956D46DE8}") = "Services", "Services", "{2D1D84AC-EEE6-4F4F-B187-A071F31ABD27}"
EndProject
Project("{2150E333-8FDC-42A3-9474-1A3956D46DE8}") = "ControleFinanceiro", "ControleFinanceiro", "{61E79442-7C35-48C8-9826-A630B1D9787D}"
EndProject
Project("{9A19103F-16F7-4668-BE54-9A1E7A4F7556}") = "Controle.Domain", "src\Services\Controle.Domain\Controle.Domain.csproj", "{D898CDB0-62DF-40CB-8EFE-A12C34B5CC06}"
EndProject
Project("{9A19103F-16F7-4668-BE54-9A1E7A4F7556}") = "Controle.Infra", "src\Services\Controle.Infra\Controle.Infra.csproj", "{39AF1A84-6EE6-4EF4-90A8-C151AC92BA5E}"
EndProject
Project("{2150E333-8FDC-42A3-9474-1A3956D46DE8}") = "Shared", "Shared", "{4DF88AED-0B5F-44DE-8627-26FF18FA9C29}"
EndProject
Project("{9A19103F-16F7-4668-BE54-9A1E7A4F7556}") = "Controle.Shared", "src\Shared\Controle.Shared\Controle.Shared.csproj", "{BA8607A1-E473-4D9A-A18A-EB7111E37544}"
EndProject
Project("{9A19103F-16F7-4668-BE54-9A1E7A4F7556}") = "Controle.API", "src\Services\Controle.API\Controle.API\Controle.API.csproj", "{DDBFE417-B76D-426E-9A3F-870B2BCD315B}"
EndProject
Project("{2150E333-8FDC-42A3-9474-1A3956D46DE8}") = "Usuarios", "Usuarios", "{3F9010BF-2928-451B-B1BA-10670DD653A0}"
EndProject
Project("{9A19103F-16F7-4668-BE54-9A1E7A4F7556}") = "Usuario.Domain", "src\Services\Usuario.Domain\Usuario.Domain.csproj", "{819B0354-77D6-4E28-B619-D1C8C9619F43}"
EndProject
Project("{9A19103F-16F7-4668-BE54-9A1E7A4F7556}") = "Usuario.Infra", "src\Services\Usuario.Infra\Usuario.Infra.csproj", "{64C2ADE9-FAD8-4E84-B4C8-39895F5DAFB4}"
EndProject
Project("{9A19103F-16F7-4668-BE54-9A1E7A4F7556}") = "Usuario.API", "src\Services\Usuario.API\Usuario.API.csproj", "{5F83E439-7FC0-4CE8-9E08-44A7FFB051A1}"
EndProject
Project("{2150E333-8FDC-42A3-9474-1A3956D46DE8}") = "Test", "Test", "{6EF053FD-4E38-43D6-967C-C9B72A768297}"
EndProject
Project("{FAE04EC0-301F-11D3-BF4B-00C04F79EFBC}") = "Application.Tests", "src\Application.Tests\Application.Tests.csproj", "{B0818526-9D0A-4EF6-B44D-1D373136BC8C}"
EndProject
Global
	GlobalSection(SolutionConfigurationPlatforms) = preSolution
		Debug|Any CPU = Debug|Any CPU
		Release|Any CPU = Release|Any CPU
	EndGlobalSection
	GlobalSection(ProjectConfigurationPlatforms) = postSolution
		{D898CDB0-62DF-40CB-8EFE-A12C34B5CC06}.Debug|Any CPU.ActiveCfg = Debug|Any CPU
		{D898CDB0-62DF-40CB-8EFE-A12C34B5CC06}.Debug|Any CPU.Build.0 = Debug|Any CPU
		{D898CDB0-62DF-40CB-8EFE-A12C34B5CC06}.Release|Any CPU.ActiveCfg = Release|Any CPU
		{D898CDB0-62DF-40CB-8EFE-A12C34B5CC06}.Release|Any CPU.Build.0 = Release|Any CPU
		{39AF1A84-6EE6-4EF4-90A8-C151AC92BA5E}.Debug|Any CPU.ActiveCfg = Debug|Any CPU
		{39AF1A84-6EE6-4EF4-90A8-C151AC92BA5E}.Debug|Any CPU.Build.0 = Debug|Any CPU
		{39AF1A84-6EE6-4EF4-90A8-C151AC92BA5E}.Release|Any CPU.ActiveCfg = Release|Any CPU
		{39AF1A84-6EE6-4EF4-90A8-C151AC92BA5E}.Release|Any CPU.Build.0 = Release|Any CPU
		{BA8607A1-E473-4D9A-A18A-EB7111E37544}.Debug|Any CPU.ActiveCfg = Debug|Any CPU
		{BA8607A1-E473-4D9A-A18A-EB7111E37544}.Debug|Any CPU.Build.0 = Debug|Any CPU
		{BA8607A1-E473-4D9A-A18A-EB7111E37544}.Release|Any CPU.ActiveCfg = Release|Any CPU
		{BA8607A1-E473-4D9A-A18A-EB7111E37544}.Release|Any CPU.Build.0 = Release|Any CPU
		{DDBFE417-B76D-426E-9A3F-870B2BCD315B}.Debug|Any CPU.ActiveCfg = Debug|Any CPU
		{DDBFE417-B76D-426E-9A3F-870B2BCD315B}.Debug|Any CPU.Build.0 = Debug|Any CPU
		{DDBFE417-B76D-426E-9A3F-870B2BCD315B}.Release|Any CPU.ActiveCfg = Release|Any CPU
		{DDBFE417-B76D-426E-9A3F-870B2BCD315B}.Release|Any CPU.Build.0 = Release|Any CPU
		{819B0354-77D6-4E28-B619-D1C8C9619F43}.Debug|Any CPU.ActiveCfg = Debug|Any CPU
		{819B0354-77D6-4E28-B619-D1C8C9619F43}.Debug|Any CPU.Build.0 = Debug|Any CPU
		{819B0354-77D6-4E28-B619-D1C8C9619F43}.Release|Any CPU.ActiveCfg = Release|Any CPU
		{819B0354-77D6-4E28-B619-D1C8C9619F43}.Release|Any CPU.Build.0 = Release|Any CPU
		{64C2ADE9-FAD8-4E84-B4C8-39895F5DAFB4}.Debug|Any CPU.ActiveCfg = Debug|Any CPU
		{64C2ADE9-FAD8-4E84-B4C8-39895F5DAFB4}.Debug|Any CPU.Build.0 = Debug|Any CPU
		{64C2ADE9-FAD8-4E84-B4C8-39895F5DAFB4}.Release|Any CPU.ActiveCfg = Release|Any CPU
		{64C2ADE9-FAD8-4E84-B4C8-39895F5DAFB4}.Release|Any CPU.Build.0 = Release|Any CPU
		{5F83E439-7FC0-4CE8-9E08-44A7FFB051A1}.Debug|Any CPU.ActiveCfg = Debug|Any CPU
		{5F83E439-7FC0-4CE8-9E08-44A7FFB051A1}.Debug|Any CPU.Build.0 = Debug|Any CPU
		{5F83E439-7FC0-4CE8-9E08-44A7FFB051A1}.Release|Any CPU.ActiveCfg = Release|Any CPU
		{5F83E439-7FC0-4CE8-9E08-44A7FFB051A1}.Release|Any CPU.Build.0 = Release|Any CPU
		{B0818526-9D0A-4EF6-B44D-1D373136BC8C}.Debug|Any CPU.ActiveCfg = Debug|Any CPU
		{B0818526-9D0A-4EF6-B44D-1D373136BC8C}.Debug|Any CPU.Build.0 = Debug|Any CPU
		{B0818526-9D0A-4EF6-B44D-1D373136BC8C}.Release|Any CPU.ActiveCfg = Release|Any CPU
		{B0818526-9D0A-4EF6-B44D-1D373136BC8C}.Release|Any CPU.Build.0 = Release|Any CPU
	EndGlobalSection
	GlobalSection(SolutionProperties) = preSolution
		HideSolutionNode = FALSE
	EndGlobalSection
	GlobalSection(NestedProjects) = preSolution
		{2D1D84AC-EEE6-4F4F-B187-A071F31ABD27} = {83749DAA-0438-4C04-A8EA-3AB4A4F1B37F}
		{61E79442-7C35-48C8-9826-A630B1D9787D} = {2D1D84AC-EEE6-4F4F-B187-A071F31ABD27}
		{D898CDB0-62DF-40CB-8EFE-A12C34B5CC06} = {61E79442-7C35-48C8-9826-A630B1D9787D}
		{39AF1A84-6EE6-4EF4-90A8-C151AC92BA5E} = {61E79442-7C35-48C8-9826-A630B1D9787D}
		{4DF88AED-0B5F-44DE-8627-26FF18FA9C29} = {83749DAA-0438-4C04-A8EA-3AB4A4F1B37F}
		{BA8607A1-E473-4D9A-A18A-EB7111E37544} = {4DF88AED-0B5F-44DE-8627-26FF18FA9C29}
		{DDBFE417-B76D-426E-9A3F-870B2BCD315B} = {61E79442-7C35-48C8-9826-A630B1D9787D}
		{3F9010BF-2928-451B-B1BA-10670DD653A0} = {2D1D84AC-EEE6-4F4F-B187-A071F31ABD27}
		{819B0354-77D6-4E28-B619-D1C8C9619F43} = {3F9010BF-2928-451B-B1BA-10670DD653A0}
		{64C2ADE9-FAD8-4E84-B4C8-39895F5DAFB4} = {3F9010BF-2928-451B-B1BA-10670DD653A0}
		{5F83E439-7FC0-4CE8-9E08-44A7FFB051A1} = {3F9010BF-2928-451B-B1BA-10670DD653A0}
		{6EF053FD-4E38-43D6-967C-C9B72A768297} = {83749DAA-0438-4C04-A8EA-3AB4A4F1B37F}
		{B0818526-9D0A-4EF6-B44D-1D373136BC8C} = {6EF053FD-4E38-43D6-967C-C9B72A768297}
	EndGlobalSection
	GlobalSection(ExtensibilityGlobals) = postSolution
		SolutionGuid = {440B024D-2CF7-40A1-B443-6750528ADD7C}
	EndGlobalSection
EndGlobal
